// !$*UTF8*$!
{
	archiveVersion = 1;
	classes = {
	};
	objectVersion = 77;
	objects = {

/* Begin PBXBuildFile section */
		5957ED572D972F1700C1A4BD /* SDLPeripherals.cpp in Sources */ = {isa = PBXBuildFile; fileRef = 5957ED562D972F1700C1A4BD /* SDLPeripherals.cpp */; };
		5957ED582D972F1700C1A4BD /* Rom.cpp in Sources */ = {isa = PBXBuildFile; fileRef = 5957ED542D972F1700C1A4BD /* Rom.cpp */; };
		5957ED592D972F1700C1A4BD /* Peripherals.cpp in Sources */ = {isa = PBXBuildFile; fileRef = 5957ED522D972F1700C1A4BD /* Peripherals.cpp */; };
		5957ED5A2D972F1700C1A4BD /* Memory.cpp in Sources */ = {isa = PBXBuildFile; fileRef = 5957ED502D972F1700C1A4BD /* Memory.cpp */; };
		5957ED5B2D972F1700C1A4BD /* FileLoader.cpp in Sources */ = {isa = PBXBuildFile; fileRef = 5957ED4B2D972F1700C1A4BD /* FileLoader.cpp */; };
		5957ED5C2D972F1700C1A4BD /* Assembler.cpp in Sources */ = {isa = PBXBuildFile; fileRef = 5957ED462D972F1700C1A4BD /* Assembler.cpp */; };
		5957ED5D2D972F1700C1A4BD /* InstructionParser.cpp in Sources */ = {isa = PBXBuildFile; fileRef = 5957ED4D2D972F1700C1A4BD /* InstructionParser.cpp */; };
		5957ED5E2D972F1700C1A4BD /* Emulator.cpp in Sources */ = {isa = PBXBuildFile; fileRef = 5957ED492D972F1700C1A4BD /* Emulator.cpp */; };
		5957ED5F2D972F1700C1A4BD /* main.cpp in Sources */ = {isa = PBXBuildFile; fileRef = 5957ED4E2D972F1700C1A4BD /* main.cpp */; };
		5957ED662D972F8100C1A4BD /* Disassembler.cpp in Sources */ = {isa = PBXBuildFile; fileRef = 5957ED622D972F8100C1A4BD /* Disassembler.cpp */; };
		5957ED672D972F8100C1A4BD /* main.cpp in Sources */ = {isa = PBXBuildFile; fileRef = 5957ED632D972F8100C1A4BD /* main.cpp */; };
		5957ED682D972F8100C1A4BD /* Tests.cpp in Sources */ = {isa = PBXBuildFile; fileRef = 5957ED652D972F8100C1A4BD /* Tests.cpp */; };
		5957ED6A2D972FA300C1A4BD /* InstructionParser.cpp in Sources */ = {isa = PBXBuildFile; fileRef = 5957ED4D2D972F1700C1A4BD /* InstructionParser.cpp */; };
		5957ED6C2D972FB200C1A4BD /* Memory.cpp in Sources */ = {isa = PBXBuildFile; fileRef = 5957ED502D972F1700C1A4BD /* Memory.cpp */; };
		5957ED6D2D972FBD00C1A4BD /* Assembler.cpp in Sources */ = {isa = PBXBuildFile; fileRef = 5957ED462D972F1700C1A4BD /* Assembler.cpp */; };
		5957ED6E2D972FC800C1A4BD /* FileLoader.cpp in Sources */ = {isa = PBXBuildFile; fileRef = 5957ED4B2D972F1700C1A4BD /* FileLoader.cpp */; };
		598364CE2D91CA44003B3793 /* SDL2.framework in Frameworks */ = {isa = PBXBuildFile; fileRef = 598364CD2D91CA44003B3793 /* SDL2.framework */; };
		598364D62D92EEA1003B3793 /* libSDL2_ttf.dylib in Frameworks */ = {isa = PBXBuildFile; fileRef = 598364D52D92EEA1003B3793 /* libSDL2_ttf.dylib */; };
		59E39A3B2D9AA66F002757D4 /* TermPeripherals.cpp in Sources */ = {isa = PBXBuildFile; fileRef = 59E39A392D9AA66F002757D4 /* TermPeripherals.cpp */; };
		59E39A3D2D9B0B89002757D4 /* libncurses.tbd in Frameworks */ = {isa = PBXBuildFile; fileRef = 59E39A3C2D9B0B89002757D4 /* libncurses.tbd */; };
/* End PBXBuildFile section */

/* Begin PBXCopyFilesBuildPhase section */
		598364AF2D91778A003B3793 /* CopyFiles */ = {
			isa = PBXCopyFilesBuildPhase;
			buildActionMask = 2147483647;
			dstPath = /usr/share/man/man1/;
			dstSubfolderSpec = 0;
			files = (
			);
			runOnlyForDeploymentPostprocessing = 1;
		};
		598364D92D92FACD003B3793 /* CopyFiles */ = {
			isa = PBXCopyFilesBuildPhase;
			buildActionMask = 2147483647;
			dstPath = /usr/share/man/man1/;
			dstSubfolderSpec = 0;
			files = (
			);
			runOnlyForDeploymentPostprocessing = 1;
		};
/* End PBXCopyFilesBuildPhase section */

/* Begin PBXFileReference section */
		5957EC012D969FAB00C1A4BD /* Makefile */ = {isa = PBXFileReference; lastKnownFileType = sourcecode.make; path = Makefile; sourceTree = "<group>"; };
		5957ED442D972D3000C1A4BD /* hello2.asm */ = {isa = PBXFileReference; lastKnownFileType = sourcecode.asm.asm; path = hello2.asm; sourceTree = "<group>"; };
		5957ED452D972F1700C1A4BD /* Assembler.hpp */ = {isa = PBXFileReference; lastKnownFileType = sourcecode.cpp.h; name = Assembler.hpp; path = ../src/Assembler.hpp; sourceTree = "<group>"; };
		5957ED462D972F1700C1A4BD /* Assembler.cpp */ = {isa = PBXFileReference; lastKnownFileType = sourcecode.cpp.cpp; name = Assembler.cpp; path = ../src/Assembler.cpp; sourceTree = "<group>"; };
		5957ED472D972F1700C1A4BD /* Config.h */ = {isa = PBXFileReference; lastKnownFileType = sourcecode.c.h; name = Config.h; path = ../src/Config.h; sourceTree = "<group>"; };
		5957ED482D972F1700C1A4BD /* Emulator.h */ = {isa = PBXFileReference; lastKnownFileType = sourcecode.c.h; name = Emulator.h; path = ../src/Emulator.h; sourceTree = "<group>"; };
		5957ED492D972F1700C1A4BD /* Emulator.cpp */ = {isa = PBXFileReference; lastKnownFileType = sourcecode.cpp.cpp; name = Emulator.cpp; path = ../src/Emulator.cpp; sourceTree = "<group>"; };
		5957ED4A2D972F1700C1A4BD /* FileLoader.hpp */ = {isa = PBXFileReference; lastKnownFileType = sourcecode.cpp.h; name = FileLoader.hpp; path = ../src/FileLoader.hpp; sourceTree = "<group>"; };
		5957ED4B2D972F1700C1A4BD /* FileLoader.cpp */ = {isa = PBXFileReference; lastKnownFileType = sourcecode.cpp.cpp; name = FileLoader.cpp; path = ../src/FileLoader.cpp; sourceTree = "<group>"; };
		5957ED4C2D972F1700C1A4BD /* InstructionParser.hpp */ = {isa = PBXFileReference; lastKnownFileType = sourcecode.cpp.h; name = InstructionParser.hpp; path = ../src/InstructionParser.hpp; sourceTree = "<group>"; };
		5957ED4D2D972F1700C1A4BD /* InstructionParser.cpp */ = {isa = PBXFileReference; lastKnownFileType = sourcecode.cpp.cpp; name = InstructionParser.cpp; path = ../src/InstructionParser.cpp; sourceTree = "<group>"; };
		5957ED4E2D972F1700C1A4BD /* main.cpp */ = {isa = PBXFileReference; lastKnownFileType = sourcecode.cpp.cpp; name = main.cpp; path = ../src/main.cpp; sourceTree = "<group>"; };
		5957ED4F2D972F1700C1A4BD /* Memory.hpp */ = {isa = PBXFileReference; lastKnownFileType = sourcecode.cpp.h; name = Memory.hpp; path = ../src/Memory.hpp; sourceTree = "<group>"; };
		5957ED502D972F1700C1A4BD /* Memory.cpp */ = {isa = PBXFileReference; lastKnownFileType = sourcecode.cpp.cpp; name = Memory.cpp; path = ../src/Memory.cpp; sourceTree = "<group>"; };
		5957ED512D972F1700C1A4BD /* Peripherals.hpp */ = {isa = PBXFileReference; lastKnownFileType = sourcecode.cpp.h; name = Peripherals.hpp; path = ../src/Peripherals.hpp; sourceTree = "<group>"; };
		5957ED522D972F1700C1A4BD /* Peripherals.cpp */ = {isa = PBXFileReference; lastKnownFileType = sourcecode.cpp.cpp; name = Peripherals.cpp; path = ../src/Peripherals.cpp; sourceTree = "<group>"; };
		5957ED532D972F1700C1A4BD /* Rom.hpp */ = {isa = PBXFileReference; lastKnownFileType = sourcecode.cpp.h; name = Rom.hpp; path = ../src/Rom.hpp; sourceTree = "<group>"; };
		5957ED542D972F1700C1A4BD /* Rom.cpp */ = {isa = PBXFileReference; lastKnownFileType = sourcecode.cpp.cpp; name = Rom.cpp; path = ../src/Rom.cpp; sourceTree = "<group>"; };
		5957ED552D972F1700C1A4BD /* SDLPeripherals.hpp */ = {isa = PBXFileReference; lastKnownFileType = sourcecode.cpp.h; name = SDLPeripherals.hpp; path = ../src/SDLPeripherals.hpp; sourceTree = "<group>"; };
		5957ED562D972F1700C1A4BD /* SDLPeripherals.cpp */ = {isa = PBXFileReference; lastKnownFileType = sourcecode.cpp.cpp; name = SDLPeripherals.cpp; path = ../src/SDLPeripherals.cpp; sourceTree = "<group>"; };
		5957ED612D972F8100C1A4BD /* Disassembler.hpp */ = {isa = PBXFileReference; lastKnownFileType = sourcecode.cpp.h; name = Disassembler.hpp; path = ../asm/Disassembler.hpp; sourceTree = "<group>"; };
		5957ED622D972F8100C1A4BD /* Disassembler.cpp */ = {isa = PBXFileReference; lastKnownFileType = sourcecode.cpp.cpp; name = Disassembler.cpp; path = ../asm/Disassembler.cpp; sourceTree = "<group>"; };
		5957ED632D972F8100C1A4BD /* main.cpp */ = {isa = PBXFileReference; lastKnownFileType = sourcecode.cpp.cpp; name = main.cpp; path = ../asm/main.cpp; sourceTree = "<group>"; };
		5957ED642D972F8100C1A4BD /* Tests.hpp */ = {isa = PBXFileReference; lastKnownFileType = sourcecode.cpp.h; name = Tests.hpp; path = ../asm/Tests.hpp; sourceTree = "<group>"; };
		5957ED652D972F8100C1A4BD /* Tests.cpp */ = {isa = PBXFileReference; lastKnownFileType = sourcecode.cpp.cpp; name = Tests.cpp; path = ../asm/Tests.cpp; sourceTree = "<group>"; };
		598364B12D91778A003B3793 /* chip8EMU */ = {isa = PBXFileReference; explicitFileType = "compiled.mach-o.executable"; includeInIndex = 0; path = chip8EMU; sourceTree = BUILT_PRODUCTS_DIR; };
		598364CB2D91C880003B3793 /* SDL2 */ = {isa = PBXFileReference; lastKnownFileType = "compiled.mach-o.dylib"; name = SDL2; path = ../../../../../Library/Frameworks/SDL2.framework/SDL2; sourceTree = "<group>"; };
		598364CD2D91CA44003B3793 /* SDL2.framework */ = {isa = PBXFileReference; lastKnownFileType = wrapper.framework; name = SDL2.framework; path = ../../../../../Library/Frameworks/SDL2.framework; sourceTree = "<group>"; };
		598364D32D928A70003B3793 /* README.md */ = {isa = PBXFileReference; lastKnownFileType = net.daringfireball.markdown; path = README.md; sourceTree = "<group>"; };
		598364D52D92EEA1003B3793 /* libSDL2_ttf.dylib */ = {isa = PBXFileReference; lastKnownFileType = "compiled.mach-o.dylib"; name = libSDL2_ttf.dylib; path = ../../../../../opt/homebrew/lib/libSDL2_ttf.dylib; sourceTree = "<group>"; };
		598364DB2D92FACD003B3793 /* asm */ = {isa = PBXFileReference; explicitFileType = "compiled.mach-o.executable"; includeInIndex = 0; path = asm; sourceTree = BUILT_PRODUCTS_DIR; };
		598365692D942D40003B3793 /* hello.asm */ = {isa = PBXFileReference; lastKnownFileType = sourcecode.asm.asm; path = hello.asm; sourceTree = "<group>"; };
		59E39A382D9AA66F002757D4 /* TermPeripherals.hpp */ = {isa = PBXFileReference; lastKnownFileType = sourcecode.cpp.h; path = TermPeripherals.hpp; sourceTree = "<group>"; };
		59E39A392D9AA66F002757D4 /* TermPeripherals.cpp */ = {isa = PBXFileReference; lastKnownFileType = sourcecode.cpp.cpp; path = TermPeripherals.cpp; sourceTree = "<group>"; };
		59E39A3C2D9B0B89002757D4 /* libncurses.tbd */ = {isa = PBXFileReference; lastKnownFileType = "sourcecode.text-based-dylib-definition"; name = libncurses.tbd; path = usr/lib/libncurses.tbd; sourceTree = SDKROOT; };
/* End PBXFileReference section */

/* Begin PBXFrameworksBuildPhase section */
		598364AE2D91778A003B3793 /* Frameworks */ = {
			isa = PBXFrameworksBuildPhase;
			buildActionMask = 2147483647;
			files = (
				59E39A3D2D9B0B89002757D4 /* libncurses.tbd in Frameworks */,
				598364CE2D91CA44003B3793 /* SDL2.framework in Frameworks */,
				598364D62D92EEA1003B3793 /* libSDL2_ttf.dylib in Frameworks */,
			);
			runOnlyForDeploymentPostprocessing = 0;
		};
		598364D82D92FACD003B3793 /* Frameworks */ = {
			isa = PBXFrameworksBuildPhase;
			buildActionMask = 2147483647;
			files = (
			);
			runOnlyForDeploymentPostprocessing = 0;
		};
/* End PBXFrameworksBuildPhase section */

/* Begin PBXGroup section */
		5957ED602D972F1E00C1A4BD /* src */ = {
			isa = PBXGroup;
			children = (
				5957ED452D972F1700C1A4BD /* Assembler.hpp */,
				5957ED462D972F1700C1A4BD /* Assembler.cpp */,
				5957ED472D972F1700C1A4BD /* Config.h */,
				5957ED482D972F1700C1A4BD /* Emulator.h */,
				5957ED492D972F1700C1A4BD /* Emulator.cpp */,
				5957ED4A2D972F1700C1A4BD /* FileLoader.hpp */,
				5957ED4B2D972F1700C1A4BD /* FileLoader.cpp */,
				5957ED4C2D972F1700C1A4BD /* InstructionParser.hpp */,
				5957ED4D2D972F1700C1A4BD /* InstructionParser.cpp */,
				5957ED4E2D972F1700C1A4BD /* main.cpp */,
				5957ED4F2D972F1700C1A4BD /* Memory.hpp */,
				5957ED502D972F1700C1A4BD /* Memory.cpp */,
				5957ED512D972F1700C1A4BD /* Peripherals.hpp */,
				5957ED522D972F1700C1A4BD /* Peripherals.cpp */,
				5957ED532D972F1700C1A4BD /* Rom.hpp */,
				5957ED542D972F1700C1A4BD /* Rom.cpp */,
				59E39A382D9AA66F002757D4 /* TermPeripherals.hpp */,
				59E39A392D9AA66F002757D4 /* TermPeripherals.cpp */,
				5957ED552D972F1700C1A4BD /* SDLPeripherals.hpp */,
				5957ED562D972F1700C1A4BD /* SDLPeripherals.cpp */,
			);
			path = src;
			sourceTree = "<group>";
		};
		5957ED692D972F8500C1A4BD /* asm */ = {
			isa = PBXGroup;
			children = (
				5957ED612D972F8100C1A4BD /* Disassembler.hpp */,
				5957ED622D972F8100C1A4BD /* Disassembler.cpp */,
				5957ED632D972F8100C1A4BD /* main.cpp */,
				5957ED642D972F8100C1A4BD /* Tests.hpp */,
				5957ED652D972F8100C1A4BD /* Tests.cpp */,
			);
			path = asm;
			sourceTree = "<group>";
		};
		598364A82D91778A003B3793 = {
			isa = PBXGroup;
			children = (
				5957ED692D972F8500C1A4BD /* asm */,
				5957ED602D972F1E00C1A4BD /* src */,
				5957EC012D969FAB00C1A4BD /* Makefile */,
				598364D32D928A70003B3793 /* README.md */,
				5983656A2D942D40003B3793 /* tests */,
				598364CA2D91C87F003B3793 /* Frameworks */,
				598364B22D91778A003B3793 /* Products */,
			);
			sourceTree = "<group>";
		};
		598364B22D91778A003B3793 /* Products */ = {
			isa = PBXGroup;
			children = (
				598364B12D91778A003B3793 /* chip8EMU */,
				598364DB2D92FACD003B3793 /* asm */,
			);
			name = Products;
			sourceTree = "<group>";
		};
		598364CA2D91C87F003B3793 /* Frameworks */ = {
			isa = PBXGroup;
			children = (
				59E39A3C2D9B0B89002757D4 /* libncurses.tbd */,
				598364D52D92EEA1003B3793 /* libSDL2_ttf.dylib */,
				598364CD2D91CA44003B3793 /* SDL2.framework */,
				598364CB2D91C880003B3793 /* SDL2 */,
			);
			name = Frameworks;
			sourceTree = "<group>";
		};
		5983656A2D942D40003B3793 /* tests */ = {
			isa = PBXGroup;
			children = (
				598365692D942D40003B3793 /* hello.asm */,
				5957ED442D972D3000C1A4BD /* hello2.asm */,
			);
			path = tests;
			sourceTree = "<group>";
		};
/* End PBXGroup section */

/* Begin PBXNativeTarget section */
		598364B02D91778A003B3793 /* chip8EMU */ = {
			isa = PBXNativeTarget;
			buildConfigurationList = 598364B82D91778B003B3793 /* Build configuration list for PBXNativeTarget "chip8EMU" */;
			buildPhases = (
				598364AD2D91778A003B3793 /* Sources */,
				598364AE2D91778A003B3793 /* Frameworks */,
				598364AF2D91778A003B3793 /* CopyFiles */,
			);
			buildRules = (
			);
			dependencies = (
			);
			name = chip8EMU;
			packageProductDependencies = (
			);
			productName = chip8EMU;
			productReference = 598364B12D91778A003B3793 /* chip8EMU */;
			productType = "com.apple.product-type.tool";
		};
		598364DA2D92FACD003B3793 /* asm */ = {
			isa = PBXNativeTarget;
			buildConfigurationList = 598364DF2D92FACD003B3793 /* Build configuration list for PBXNativeTarget "asm" */;
			buildPhases = (
				598364D72D92FACD003B3793 /* Sources */,
				598364D82D92FACD003B3793 /* Frameworks */,
				598364D92D92FACD003B3793 /* CopyFiles */,
			);
			buildRules = (
			);
			dependencies = (
			);
			name = asm;
			packageProductDependencies = (
			);
			productName = asm;
			productReference = 598364DB2D92FACD003B3793 /* asm */;
			productType = "com.apple.product-type.tool";
		};
/* End PBXNativeTarget section */

/* Begin PBXProject section */
		598364A92D91778A003B3793 /* Project object */ = {
			isa = PBXProject;
			attributes = {
				BuildIndependentTargetsInParallel = 1;
				LastUpgradeCheck = 1620;
				TargetAttributes = {
					598364B02D91778A003B3793 = {
						CreatedOnToolsVersion = 16.2;
					};
					598364DA2D92FACD003B3793 = {
						CreatedOnToolsVersion = 16.2;
					};
				};
			};
			buildConfigurationList = 598364AC2D91778A003B3793 /* Build configuration list for PBXProject "chip8EMU" */;
			developmentRegion = en;
			hasScannedForEncodings = 0;
			knownRegions = (
				en,
				Base,
			);
			mainGroup = 598364A82D91778A003B3793;
			minimizedProjectReferenceProxies = 1;
			preferredProjectObjectVersion = 77;
			productRefGroup = 598364B22D91778A003B3793 /* Products */;
			projectDirPath = "";
			projectRoot = "";
			targets = (
				598364B02D91778A003B3793 /* chip8EMU */,
				598364DA2D92FACD003B3793 /* asm */,
			);
		};
/* End PBXProject section */

/* Begin PBXSourcesBuildPhase section */
		598364AD2D91778A003B3793 /* Sources */ = {
			isa = PBXSourcesBuildPhase;
			buildActionMask = 2147483647;
			files = (
				5957ED572D972F1700C1A4BD /* SDLPeripherals.cpp in Sources */,
				5957ED582D972F1700C1A4BD /* Rom.cpp in Sources */,
				5957ED592D972F1700C1A4BD /* Peripherals.cpp in Sources */,
				5957ED5A2D972F1700C1A4BD /* Memory.cpp in Sources */,
				5957ED5B2D972F1700C1A4BD /* FileLoader.cpp in Sources */,
				5957ED5C2D972F1700C1A4BD /* Assembler.cpp in Sources */,
				5957ED5D2D972F1700C1A4BD /* InstructionParser.cpp in Sources */,
				5957ED5E2D972F1700C1A4BD /* Emulator.cpp in Sources */,
				5957ED5F2D972F1700C1A4BD /* main.cpp in Sources */,
				59E39A3B2D9AA66F002757D4 /* TermPeripherals.cpp in Sources */,
			);
			runOnlyForDeploymentPostprocessing = 0;
		};
		598364D72D92FACD003B3793 /* Sources */ = {
			isa = PBXSourcesBuildPhase;
			buildActionMask = 2147483647;
			files = (
				5957ED6C2D972FB200C1A4BD /* Memory.cpp in Sources */,
				5957ED662D972F8100C1A4BD /* Disassembler.cpp in Sources */,
				5957ED6A2D972FA300C1A4BD /* InstructionParser.cpp in Sources */,
				5957ED672D972F8100C1A4BD /* main.cpp in Sources */,
				5957ED682D972F8100C1A4BD /* Tests.cpp in Sources */,
				5957ED6E2D972FC800C1A4BD /* FileLoader.cpp in Sources */,
				5957ED6D2D972FBD00C1A4BD /* Assembler.cpp in Sources */,
			);
			runOnlyForDeploymentPostprocessing = 0;
		};
/* End PBXSourcesBuildPhase section */

/* Begin XCBuildConfiguration section */
		598364B62D91778B003B3793 /* Debug */ = {
			isa = XCBuildConfiguration;
			buildSettings = {
				ALWAYS_SEARCH_USER_PATHS = NO;
				ASSETCATALOG_COMPILER_GENERATE_SWIFT_ASSET_SYMBOL_EXTENSIONS = YES;
				CLANG_ANALYZER_NONNULL = YES;
				CLANG_ANALYZER_NUMBER_OBJECT_CONVERSION = YES_AGGRESSIVE;
				CLANG_CXX_LANGUAGE_STANDARD = "gnu++20";
				CLANG_ENABLE_MODULES = YES;
				CLANG_ENABLE_OBJC_ARC = YES;
				CLANG_ENABLE_OBJC_WEAK = YES;
				CLANG_WARN_BLOCK_CAPTURE_AUTORELEASING = YES;
				CLANG_WARN_BOOL_CONVERSION = YES;
				CLANG_WARN_COMMA = YES;
				CLANG_WARN_CONSTANT_CONVERSION = YES;
				CLANG_WARN_DEPRECATED_OBJC_IMPLEMENTATIONS = YES;
				CLANG_WARN_DIRECT_OBJC_ISA_USAGE = YES_ERROR;
				CLANG_WARN_DOCUMENTATION_COMMENTS = YES;
				CLANG_WARN_EMPTY_BODY = YES;
				CLANG_WARN_ENUM_CONVERSION = YES;
				CLANG_WARN_INFINITE_RECURSION = YES;
				CLANG_WARN_INT_CONVERSION = YES;
				CLANG_WARN_NON_LITERAL_NULL_CONVERSION = YES;
				CLANG_WARN_OBJC_IMPLICIT_RETAIN_SELF = YES;
				CLANG_WARN_OBJC_LITERAL_CONVERSION = YES;
				CLANG_WARN_OBJC_ROOT_CLASS = YES_ERROR;
				CLANG_WARN_QUOTED_INCLUDE_IN_FRAMEWORK_HEADER = YES;
				CLANG_WARN_RANGE_LOOP_ANALYSIS = YES;
				CLANG_WARN_STRICT_PROTOTYPES = YES;
				CLANG_WARN_SUSPICIOUS_MOVE = YES;
				CLANG_WARN_UNGUARDED_AVAILABILITY = YES_AGGRESSIVE;
				CLANG_WARN_UNREACHABLE_CODE = YES;
				CLANG_WARN__DUPLICATE_METHOD_MATCH = YES;
				COPY_PHASE_STRIP = NO;
				DEBUG_INFORMATION_FORMAT = dwarf;
				DEVELOPMENT_TEAM = S3D34765YM;
				ENABLE_STRICT_OBJC_MSGSEND = YES;
				ENABLE_TESTABILITY = YES;
				ENABLE_USER_SCRIPT_SANDBOXING = YES;
				GCC_C_LANGUAGE_STANDARD = gnu17;
				GCC_DYNAMIC_NO_PIC = NO;
				GCC_NO_COMMON_BLOCKS = YES;
				GCC_OPTIMIZATION_LEVEL = 0;
				GCC_PREPROCESSOR_DEFINITIONS = (
					"DEBUG=1",
					"$(inherited)",
				);
				GCC_WARN_64_TO_32_BIT_CONVERSION = YES;
				GCC_WARN_ABOUT_RETURN_TYPE = YES_ERROR;
				GCC_WARN_UNDECLARED_SELECTOR = YES;
				GCC_WARN_UNINITIALIZED_AUTOS = YES_AGGRESSIVE;
				GCC_WARN_UNUSED_FUNCTION = YES;
				GCC_WARN_UNUSED_VARIABLE = YES;
				HEADER_SEARCH_PATHS = "";
				LIBRARY_SEARCH_PATHS = "";
				LOCALIZATION_PREFERS_STRING_CATALOGS = YES;
				MACOSX_DEPLOYMENT_TARGET = 15.2;
				MTL_ENABLE_DEBUG_INFO = INCLUDE_SOURCE;
				MTL_FAST_MATH = YES;
				ONLY_ACTIVE_ARCH = YES;
				SDKROOT = macosx;
			};
			name = Debug;
		};
		598364B72D91778B003B3793 /* Release */ = {
			isa = XCBuildConfiguration;
			buildSettings = {
				ALWAYS_SEARCH_USER_PATHS = NO;
				ASSETCATALOG_COMPILER_GENERATE_SWIFT_ASSET_SYMBOL_EXTENSIONS = YES;
				CLANG_ANALYZER_NONNULL = YES;
				CLANG_ANALYZER_NUMBER_OBJECT_CONVERSION = YES_AGGRESSIVE;
				CLANG_CXX_LANGUAGE_STANDARD = "gnu++20";
				CLANG_ENABLE_MODULES = YES;
				CLANG_ENABLE_OBJC_ARC = YES;
				CLANG_ENABLE_OBJC_WEAK = YES;
				CLANG_WARN_BLOCK_CAPTURE_AUTORELEASING = YES;
				CLANG_WARN_BOOL_CONVERSION = YES;
				CLANG_WARN_COMMA = YES;
				CLANG_WARN_CONSTANT_CONVERSION = YES;
				CLANG_WARN_DEPRECATED_OBJC_IMPLEMENTATIONS = YES;
				CLANG_WARN_DIRECT_OBJC_ISA_USAGE = YES_ERROR;
				CLANG_WARN_DOCUMENTATION_COMMENTS = YES;
				CLANG_WARN_EMPTY_BODY = YES;
				CLANG_WARN_ENUM_CONVERSION = YES;
				CLANG_WARN_INFINITE_RECURSION = YES;
				CLANG_WARN_INT_CONVERSION = YES;
				CLANG_WARN_NON_LITERAL_NULL_CONVERSION = YES;
				CLANG_WARN_OBJC_IMPLICIT_RETAIN_SELF = YES;
				CLANG_WARN_OBJC_LITERAL_CONVERSION = YES;
				CLANG_WARN_OBJC_ROOT_CLASS = YES_ERROR;
				CLANG_WARN_QUOTED_INCLUDE_IN_FRAMEWORK_HEADER = YES;
				CLANG_WARN_RANGE_LOOP_ANALYSIS = YES;
				CLANG_WARN_STRICT_PROTOTYPES = YES;
				CLANG_WARN_SUSPICIOUS_MOVE = YES;
				CLANG_WARN_UNGUARDED_AVAILABILITY = YES_AGGRESSIVE;
				CLANG_WARN_UNREACHABLE_CODE = YES;
				CLANG_WARN__DUPLICATE_METHOD_MATCH = YES;
				COPY_PHASE_STRIP = NO;
				DEBUG_INFORMATION_FORMAT = "dwarf-with-dsym";
				DEVELOPMENT_TEAM = S3D34765YM;
				ENABLE_NS_ASSERTIONS = NO;
				ENABLE_STRICT_OBJC_MSGSEND = YES;
				ENABLE_USER_SCRIPT_SANDBOXING = YES;
				GCC_C_LANGUAGE_STANDARD = gnu17;
				GCC_NO_COMMON_BLOCKS = YES;
				GCC_WARN_64_TO_32_BIT_CONVERSION = YES;
				GCC_WARN_ABOUT_RETURN_TYPE = YES_ERROR;
				GCC_WARN_UNDECLARED_SELECTOR = YES;
				GCC_WARN_UNINITIALIZED_AUTOS = YES_AGGRESSIVE;
				GCC_WARN_UNUSED_FUNCTION = YES;
				GCC_WARN_UNUSED_VARIABLE = YES;
				HEADER_SEARCH_PATHS = "";
				LIBRARY_SEARCH_PATHS = "";
				LOCALIZATION_PREFERS_STRING_CATALOGS = YES;
				MACOSX_DEPLOYMENT_TARGET = 15.2;
				MTL_ENABLE_DEBUG_INFO = NO;
				MTL_FAST_MATH = YES;
				SDKROOT = macosx;
			};
			name = Release;
		};
		598364B92D91778B003B3793 /* Debug */ = {
			isa = XCBuildConfiguration;
			buildSettings = {
				CLANG_ADDRESS_SANITIZER_CONTAINER_OVERFLOW = YES;
				CLANG_UNDEFINED_BEHAVIOR_SANITIZER_INTEGER = YES;
				CODE_SIGN_ENTITLEMENTS = chip8EMU.entitlements;
				"CODE_SIGN_IDENTITY[sdk=macosx*]" = "-";
				CODE_SIGN_STYLE = Automatic;
				FRAMEWORK_SEARCH_PATHS = (
					"$(inherited)",
					"$(LOCAL_LIBRARY_DIR)/Frameworks",
				);
				HEADER_SEARCH_PATHS = /opt/homebrew/include/;
				LIBRARY_SEARCH_PATHS = (
					"$(inherited)",
					"$(LOCAL_LIBRARY_DIR)/Frameworks/SDL2.framework",
					/opt/homebrew/lib,
				);
				PRODUCT_BUNDLE_IDENTIFIER = com.chip8;
				PRODUCT_NAME = "$(TARGET_NAME)";
			};
			name = Debug;
		};
		598364BA2D91778B003B3793 /* Release */ = {
			isa = XCBuildConfiguration;
			buildSettings = {
				CLANG_ADDRESS_SANITIZER_CONTAINER_OVERFLOW = YES;
				CLANG_UNDEFINED_BEHAVIOR_SANITIZER_INTEGER = YES;
				CODE_SIGN_ENTITLEMENTS = chip8EMU.entitlements;
				"CODE_SIGN_IDENTITY[sdk=macosx*]" = "-";
				CODE_SIGN_STYLE = Automatic;
				FRAMEWORK_SEARCH_PATHS = (
					"$(inherited)",
					"$(LOCAL_LIBRARY_DIR)/Frameworks",
				);
				HEADER_SEARCH_PATHS = /opt/homebrew/include/;
				LIBRARY_SEARCH_PATHS = (
					"$(inherited)",
					"$(LOCAL_LIBRARY_DIR)/Frameworks/SDL2.framework",
					/opt/homebrew/lib,
				);
				PRODUCT_BUNDLE_IDENTIFIER = com.chip8;
				PRODUCT_NAME = "$(TARGET_NAME)";
			};
			name = Release;
		};
		598364E02D92FACD003B3793 /* Debug */ = {
			isa = XCBuildConfiguration;
			buildSettings = {
				CODE_SIGN_STYLE = Automatic;
				DEVELOPMENT_TEAM = S3D34765YM;
				ENABLE_HARDENED_RUNTIME = YES;
				PRODUCT_NAME = "$(TARGET_NAME)";
			};
			name = Debug;
		};
		598364E12D92FACD003B3793 /* Release */ = {
			isa = XCBuildConfiguration;
			buildSettings = {
				CODE_SIGN_STYLE = Automatic;
				DEVELOPMENT_TEAM = S3D34765YM;
				ENABLE_HARDENED_RUNTIME = YES;
				PRODUCT_NAME = "$(TARGET_NAME)";
			};
			name = Release;
		};
/* End XCBuildConfiguration section */

/* Begin XCConfigurationList section */
		598364AC2D91778A003B3793 /* Build configuration list for PBXProject "chip8EMU" */ = {
			isa = XCConfigurationList;
			buildConfigurations = (
				598364B62D91778B003B3793 /* Debug */,
				598364B72D91778B003B3793 /* Release */,
			);
			defaultConfigurationIsVisible = 0;
			defaultConfigurationName = Release;
		};
		598364B82D91778B003B3793 /* Build configuration list for PBXNativeTarget "chip8EMU" */ = {
			isa = XCConfigurationList;
			buildConfigurations = (
				598364B92D91778B003B3793 /* Debug */,
				598364BA2D91778B003B3793 /* Release */,
			);
			defaultConfigurationIsVisible = 0;
			defaultConfigurationName = Release;
		};
		598364DF2D92FACD003B3793 /* Build configuration list for PBXNativeTarget "asm" */ = {
			isa = XCConfigurationList;
			buildConfigurations = (
				598364E02D92FACD003B3793 /* Debug */,
				598364E12D92FACD003B3793 /* Release */,
			);
			defaultConfigurationIsVisible = 0;
			defaultConfigurationName = Release;
		};
/* End XCConfigurationList section */
	};
	rootObject = 598364A92D91778A003B3793 /* Project object */;
}
